
Microsoft Visual Studio Solution File, Format Version 12.00
# Visual Studio Version 17
VisualStudioVersion = 17.14.36705.20 d17.14
MinimumVisualStudioVersion = 10.0.40219.1
Project("{54A90642-561A-4BB1-A94E-469ADEE60C69}") = "user-crud.client", "user-crud.client\user-crud.client.esproj", "{36311E55-13AB-3C6B-007E-B229106A09D3}"
EndProject
Project("{FAE04EC0-301F-11D3-BF4B-00C04F79EFBC}") = "user-crud.Server", "user-crud.Server\user-crud.Server.csproj", "{15217751-35E1-482A-A563-9247BD9D4BD9}"
EndProject
Global
	GlobalSection(SolutionConfigurationPlatforms) = preSolution
		Debug|Any CPU = Debug|Any CPU
		Release|Any CPU = Release|Any CPU
	EndGlobalSection
	GlobalSection(ProjectConfigurationPlatforms) = postSolution
		{36311E55-13AB-3C6B-007E-B229106A09D3}.Debug|Any CPU.ActiveCfg = Debug|Any CPU
		{36311E55-13AB-3C6B-007E-B229106A09D3}.Debug|Any CPU.Build.0 = Debug|Any CPU
		{36311E55-13AB-3C6B-007E-B229106A09D3}.Debug|Any CPU.Deploy.0 = Debug|Any CPU
		{36311E55-13AB-3C6B-007E-B229106A09D3}.Release|Any CPU.ActiveCfg = Release|Any CPU
		{36311E55-13AB-3C6B-007E-B229106A09D3}.Release|Any CPU.Build.0 = Release|Any CPU
		{36311E55-13AB-3C6B-007E-B229106A09D3}.Release|Any CPU.Deploy.0 = Release|Any CPU
		{15217751-35E1-482A-A563-9247BD9D4BD9}.Debug|Any CPU.ActiveCfg = Debug|Any CPU
		{15217751-35E1-482A-A563-9247BD9D4BD9}.Debug|Any CPU.Build.0 = Debug|Any CPU
		{15217751-35E1-482A-A563-9247BD9D4BD9}.Release|Any CPU.ActiveCfg = Release|Any CPU
		{15217751-35E1-482A-A563-9247BD9D4BD9}.Release|Any CPU.Build.0 = Release|Any CPU
	EndGlobalSection
	GlobalSection(SolutionProperties) = preSolution
		HideSolutionNode = FALSE
	EndGlobalSection
	GlobalSection(ExtensibilityGlobals) = postSolution
		SolutionGuid = {F555B78E-6002-4ED0-BCAE-BF96DE649F26}
	EndGlobalSection
EndGlobal
